
Microsoft Visual Studio Solution File, Format Version 12.00
# Visual Studio 2013
VisualStudioVersion = 12.0.21005.1
MinimumVisualStudioVersion = 10.0.40219.1
Project("{2150E333-8FDC-42A3-9474-1A3956D46DE8}") = "DJL.Work.Infrastructure", "DJL.Work.Infrastructure", "{CD8233B5-81A3-4CD8-BCBB-A5D50E974B40}"
EndProject
Project("{2150E333-8FDC-42A3-9474-1A3956D46DE8}") = "DJL.Work.Data", "DJL.Work.Data", "{97DE2084-3BE6-488F-8275-24E9697C0E1C}"
EndProject
Project("{2150E333-8FDC-42A3-9474-1A3956D46DE8}") = "DJL.work.IService", "DJL.work.IService", "{F41B3EEB-C46F-4505-84DF-04A51617B18D}"
EndProject
Project("{2150E333-8FDC-42A3-9474-1A3956D46DE8}") = "DJL.Work.Service", "DJL.Work.Service", "{CAC6380E-883F-44E0-A5A5-4D3230290B96}"
EndProject
Project("{2150E333-8FDC-42A3-9474-1A3956D46DE8}") = "DJL.Work.UI", "DJL.Work.UI", "{418DF107-7CD8-4B31-B437-2B1106853E8E}"
EndProject
Project("{2150E333-8FDC-42A3-9474-1A3956D46DE8}") = "DJL.Work.WebService", "DJL.Work.WebService", "{4994FF7A-D214-4DB2-8131-B5E14C756AF0}"
EndProject
Project("{2150E333-8FDC-42A3-9474-1A3956D46DE8}") = "DJL.Work.UnitTest", "DJL.Work.UnitTest", "{5EFEEB60-1A64-4731-8494-3B6FBF789592}"
EndProject
Project("{FAE04EC0-301F-11D3-BF4B-00C04F79EFBC}") = "DJL.Work.Web", "DJL.Work.Web\DJL.Work.Web.csproj", "{39403F6D-0332-4055-9C38-8AC56E975408}"
EndProject
Project("{FAE04EC0-301F-11D3-BF4B-00C04F79EFBC}") = "DJL.Work.BackWeb", "DJL.Work.BackWeb\DJL.Work.BackWeb.csproj", "{CD57C4C1-F5D5-4BCF-BFA3-8E92CF60B867}"
EndProject
Project("{FAE04EC0-301F-11D3-BF4B-00C04F79EFBC}") = "DJL.Work.Test", "DJL.Work.Test\DJL.Work.Test.csproj", "{D58106BD-9446-4707-B338-655E4E7AFA28}"
EndProject
Project("{FAE04EC0-301F-11D3-BF4B-00C04F79EFBC}") = "DJL.Work.DataModel", "DJL.Work.DataModel\DJL.Work.DataModel.csproj", "{FDAC8D17-6C4D-431C-AB9E-62072BE00651}"
EndProject
Project("{FAE04EC0-301F-11D3-BF4B-00C04F79EFBC}") = "DJL.Work.Tool", "DJL.Work.Tool\DJL.Work.Tool.csproj", "{2E458CAA-30B9-4E18-BEE5-76941E448788}"
EndProject
Project("{FAE04EC0-301F-11D3-BF4B-00C04F79EFBC}") = "DJL.Work.Enum", "DJL.Work.Enum\DJL.Work.Enum.csproj", "{4385F2A0-31B1-45E3-A1F2-06D7324E87D7}"
EndProject
Project("{FAE04EC0-301F-11D3-BF4B-00C04F79EFBC}") = "DJL.Work.Extend", "DJL.Work.Extend\DJL.Work.Extend.csproj", "{4CCA92CB-067A-4C78-881A-F876486C5A1F}"
EndProject
Project("{FAE04EC0-301F-11D3-BF4B-00C04F79EFBC}") = "DJL.Work.ICommonService", "DJL.Work.ICommonService\DJL.Work.ICommonService.csproj", "{52186EB4-0842-4E42-8987-52C9ADB3F36F}"
EndProject
Project("{FAE04EC0-301F-11D3-BF4B-00C04F79EFBC}") = "DJL.Work.CommonService", "DJL.Work.CommonService\DJL.Work.CommonService.csproj", "{46006BF3-CEFE-4FAF-99C6-DFFD4EF2C528}"
EndProject
Global
	GlobalSection(SolutionConfigurationPlatforms) = preSolution
		Debug|Any CPU = Debug|Any CPU
		Release|Any CPU = Release|Any CPU
	EndGlobalSection
	GlobalSection(ProjectConfigurationPlatforms) = postSolution
		{39403F6D-0332-4055-9C38-8AC56E975408}.Debug|Any CPU.ActiveCfg = Debug|Any CPU
		{39403F6D-0332-4055-9C38-8AC56E975408}.Debug|Any CPU.Build.0 = Debug|Any CPU
		{39403F6D-0332-4055-9C38-8AC56E975408}.Release|Any CPU.ActiveCfg = Release|Any CPU
		{39403F6D-0332-4055-9C38-8AC56E975408}.Release|Any CPU.Build.0 = Release|Any CPU
		{CD57C4C1-F5D5-4BCF-BFA3-8E92CF60B867}.Debug|Any CPU.ActiveCfg = Debug|Any CPU
		{CD57C4C1-F5D5-4BCF-BFA3-8E92CF60B867}.Debug|Any CPU.Build.0 = Debug|Any CPU
		{CD57C4C1-F5D5-4BCF-BFA3-8E92CF60B867}.Release|Any CPU.ActiveCfg = Release|Any CPU
		{CD57C4C1-F5D5-4BCF-BFA3-8E92CF60B867}.Release|Any CPU.Build.0 = Release|Any CPU
		{D58106BD-9446-4707-B338-655E4E7AFA28}.Debug|Any CPU.ActiveCfg = Debug|Any CPU
		{D58106BD-9446-4707-B338-655E4E7AFA28}.Debug|Any CPU.Build.0 = Debug|Any CPU
		{D58106BD-9446-4707-B338-655E4E7AFA28}.Release|Any CPU.ActiveCfg = Release|Any CPU
		{D58106BD-9446-4707-B338-655E4E7AFA28}.Release|Any CPU.Build.0 = Release|Any CPU
		{FDAC8D17-6C4D-431C-AB9E-62072BE00651}.Debug|Any CPU.ActiveCfg = Debug|Any CPU
		{FDAC8D17-6C4D-431C-AB9E-62072BE00651}.Debug|Any CPU.Build.0 = Debug|Any CPU
		{FDAC8D17-6C4D-431C-AB9E-62072BE00651}.Release|Any CPU.ActiveCfg = Release|Any CPU
		{FDAC8D17-6C4D-431C-AB9E-62072BE00651}.Release|Any CPU.Build.0 = Release|Any CPU
		{2E458CAA-30B9-4E18-BEE5-76941E448788}.Debug|Any CPU.ActiveCfg = Debug|Any CPU
		{2E458CAA-30B9-4E18-BEE5-76941E448788}.Debug|Any CPU.Build.0 = Debug|Any CPU
		{2E458CAA-30B9-4E18-BEE5-76941E448788}.Release|Any CPU.ActiveCfg = Release|Any CPU
		{2E458CAA-30B9-4E18-BEE5-76941E448788}.Release|Any CPU.Build.0 = Release|Any CPU
		{4385F2A0-31B1-45E3-A1F2-06D7324E87D7}.Debug|Any CPU.ActiveCfg = Debug|Any CPU
		{4385F2A0-31B1-45E3-A1F2-06D7324E87D7}.Debug|Any CPU.Build.0 = Debug|Any CPU
		{4385F2A0-31B1-45E3-A1F2-06D7324E87D7}.Release|Any CPU.ActiveCfg = Release|Any CPU
		{4385F2A0-31B1-45E3-A1F2-06D7324E87D7}.Release|Any CPU.Build.0 = Release|Any CPU
		{4CCA92CB-067A-4C78-881A-F876486C5A1F}.Debug|Any CPU.ActiveCfg = Debug|Any CPU
		{4CCA92CB-067A-4C78-881A-F876486C5A1F}.Debug|Any CPU.Build.0 = Debug|Any CPU
		{4CCA92CB-067A-4C78-881A-F876486C5A1F}.Release|Any CPU.ActiveCfg = Release|Any CPU
		{4CCA92CB-067A-4C78-881A-F876486C5A1F}.Release|Any CPU.Build.0 = Release|Any CPU
		{52186EB4-0842-4E42-8987-52C9ADB3F36F}.Debug|Any CPU.ActiveCfg = Debug|Any CPU
		{52186EB4-0842-4E42-8987-52C9ADB3F36F}.Debug|Any CPU.Build.0 = Debug|Any CPU
		{52186EB4-0842-4E42-8987-52C9ADB3F36F}.Release|Any CPU.ActiveCfg = Release|Any CPU
		{52186EB4-0842-4E42-8987-52C9ADB3F36F}.Release|Any CPU.Build.0 = Release|Any CPU
		{46006BF3-CEFE-4FAF-99C6-DFFD4EF2C528}.Debug|Any CPU.ActiveCfg = Debug|Any CPU
		{46006BF3-CEFE-4FAF-99C6-DFFD4EF2C528}.Debug|Any CPU.Build.0 = Debug|Any CPU
		{46006BF3-CEFE-4FAF-99C6-DFFD4EF2C528}.Release|Any CPU.ActiveCfg = Release|Any CPU
		{46006BF3-CEFE-4FAF-99C6-DFFD4EF2C528}.Release|Any CPU.Build.0 = Release|Any CPU
	EndGlobalSection
	GlobalSection(SolutionProperties) = preSolution
		HideSolutionNode = FALSE
	EndGlobalSection
	GlobalSection(NestedProjects) = preSolution
		{2E458CAA-30B9-4E18-BEE5-76941E448788} = {CD8233B5-81A3-4CD8-BCBB-A5D50E974B40}
		{4CCA92CB-067A-4C78-881A-F876486C5A1F} = {CD8233B5-81A3-4CD8-BCBB-A5D50E974B40}
		{FDAC8D17-6C4D-431C-AB9E-62072BE00651} = {97DE2084-3BE6-488F-8275-24E9697C0E1C}
		{4385F2A0-31B1-45E3-A1F2-06D7324E87D7} = {97DE2084-3BE6-488F-8275-24E9697C0E1C}
		{52186EB4-0842-4E42-8987-52C9ADB3F36F} = {F41B3EEB-C46F-4505-84DF-04A51617B18D}
		{46006BF3-CEFE-4FAF-99C6-DFFD4EF2C528} = {CAC6380E-883F-44E0-A5A5-4D3230290B96}
		{39403F6D-0332-4055-9C38-8AC56E975408} = {418DF107-7CD8-4B31-B437-2B1106853E8E}
		{CD57C4C1-F5D5-4BCF-BFA3-8E92CF60B867} = {418DF107-7CD8-4B31-B437-2B1106853E8E}
		{D58106BD-9446-4707-B338-655E4E7AFA28} = {5EFEEB60-1A64-4731-8494-3B6FBF789592}
	EndGlobalSection
EndGlobal
